
Microsoft Visual Studio Solution File, Format Version 12.00
# Visual Studio Version 17
VisualStudioVersion = 17.13.35931.197 d17.13
MinimumVisualStudioVersion = 10.0.40219.1
Project("{FAE04EC0-301F-11D3-BF4B-00C04F79EFBC}") = "ComunautrucheAPI", "ComunautrucheAPI\ComunautrucheAPI.csproj", "{AC9B5354-C337-4E4E-A2C4-61CFC491DD1C}"
EndProject
Global
	GlobalSection(SolutionConfigurationPlatforms) = preSolution
		Debug|Any CPU = Debug|Any CPU
		Release|Any CPU = Release|Any CPU
	EndGlobalSection
	GlobalSection(ProjectConfigurationPlatforms) = postSolution
		{AC9B5354-C337-4E4E-A2C4-61CFC491DD1C}.Debug|Any CPU.ActiveCfg = Debug|Any CPU
		{AC9B5354-C337-4E4E-A2C4-61CFC491DD1C}.Debug|Any CPU.Build.0 = Debug|Any CPU
		{AC9B5354-C337-4E4E-A2C4-61CFC491DD1C}.Release|Any CPU.ActiveCfg = Release|Any CPU
		{AC9B5354-C337-4E4E-A2C4-61CFC491DD1C}.Release|Any CPU.Build.0 = Release|Any CPU
	EndGlobalSection
	GlobalSection(SolutionProperties) = preSolution
		HideSolutionNode = FALSE
	EndGlobalSection
	GlobalSection(ExtensibilityGlobals) = postSolution
		SolutionGuid = {5C5249CD-70B9-4031-A732-D5EECB8D30A2}
	EndGlobalSection
EndGlobal
